
Microsoft Visual Studio Solution File, Format Version 12.00
# Visual Studio Version 17
VisualStudioVersion = 17.0.31903.59
MinimumVisualStudioVersion = 10.0.40219.1
Project("{2150E333-8FDC-42A3-9474-1A3956D46DE8}") = "src", "src", "{827E0CD3-B72D-47B6-A68D-7590B98EB39B}"
EndProject
Project("{FAE04EC0-301F-11D3-BF4B-00C04F79EFBC}") = "RiskGame.Rules", "src\RiskGame.Rules\RiskGame.Rules.csproj", "{2C6659FC-6EC5-45C6-8A02-873EF4332B0B}"
EndProject
Project("{FAE04EC0-301F-11D3-BF4B-00C04F79EFBC}") = "RiskGame.Rules.Tests", "src\RiskGame.Rules.Tests\RiskGame.Rules.Tests.csproj", "{FB3970DF-DD64-427A-94ED-C64586EDB8A0}"
EndProject
Project("{FAE04EC0-301F-11D3-BF4B-00C04F79EFBC}") = "RiskGame.Api", "src\RiskGame.Api\RiskGame.Api.csproj", "{98D17F8D-5430-40F7-A9E7-249F764C7686}"
EndProject
Project("{FAE04EC0-301F-11D3-BF4B-00C04F79EFBC}") = "RiskGame.Api.Tests", "src\RiskGame.Api.Tests\RiskGame.Api.Tests.csproj", "{18A0F7C0-879E-4ADB-8E5E-BB8C07BC9568}"
EndProject
Global
	GlobalSection(SolutionConfigurationPlatforms) = preSolution
		Debug|Any CPU = Debug|Any CPU
		Debug|x64 = Debug|x64
		Debug|x86 = Debug|x86
		Release|Any CPU = Release|Any CPU
		Release|x64 = Release|x64
		Release|x86 = Release|x86
	EndGlobalSection
	GlobalSection(ProjectConfigurationPlatforms) = postSolution
		{2C6659FC-6EC5-45C6-8A02-873EF4332B0B}.Debug|Any CPU.ActiveCfg = Debug|Any CPU
		{2C6659FC-6EC5-45C6-8A02-873EF4332B0B}.Debug|Any CPU.Build.0 = Debug|Any CPU
		{2C6659FC-6EC5-45C6-8A02-873EF4332B0B}.Debug|x64.ActiveCfg = Debug|Any CPU
		{2C6659FC-6EC5-45C6-8A02-873EF4332B0B}.Debug|x64.Build.0 = Debug|Any CPU
		{2C6659FC-6EC5-45C6-8A02-873EF4332B0B}.Debug|x86.ActiveCfg = Debug|Any CPU
		{2C6659FC-6EC5-45C6-8A02-873EF4332B0B}.Debug|x86.Build.0 = Debug|Any CPU
		{2C6659FC-6EC5-45C6-8A02-873EF4332B0B}.Release|Any CPU.ActiveCfg = Release|Any CPU
		{2C6659FC-6EC5-45C6-8A02-873EF4332B0B}.Release|Any CPU.Build.0 = Release|Any CPU
		{2C6659FC-6EC5-45C6-8A02-873EF4332B0B}.Release|x64.ActiveCfg = Release|Any CPU
		{2C6659FC-6EC5-45C6-8A02-873EF4332B0B}.Release|x64.Build.0 = Release|Any CPU
		{2C6659FC-6EC5-45C6-8A02-873EF4332B0B}.Release|x86.ActiveCfg = Release|Any CPU
		{2C6659FC-6EC5-45C6-8A02-873EF4332B0B}.Release|x86.Build.0 = Release|Any CPU
		{FB3970DF-DD64-427A-94ED-C64586EDB8A0}.Debug|Any CPU.ActiveCfg = Debug|Any CPU
		{FB3970DF-DD64-427A-94ED-C64586EDB8A0}.Debug|Any CPU.Build.0 = Debug|Any CPU
		{FB3970DF-DD64-427A-94ED-C64586EDB8A0}.Debug|x64.ActiveCfg = Debug|Any CPU
		{FB3970DF-DD64-427A-94ED-C64586EDB8A0}.Debug|x64.Build.0 = Debug|Any CPU
		{FB3970DF-DD64-427A-94ED-C64586EDB8A0}.Debug|x86.ActiveCfg = Debug|Any CPU
		{FB3970DF-DD64-427A-94ED-C64586EDB8A0}.Debug|x86.Build.0 = Debug|Any CPU
		{FB3970DF-DD64-427A-94ED-C64586EDB8A0}.Release|Any CPU.ActiveCfg = Release|Any CPU
		{FB3970DF-DD64-427A-94ED-C64586EDB8A0}.Release|Any CPU.Build.0 = Release|Any CPU
		{FB3970DF-DD64-427A-94ED-C64586EDB8A0}.Release|x64.ActiveCfg = Release|Any CPU
		{FB3970DF-DD64-427A-94ED-C64586EDB8A0}.Release|x64.Build.0 = Release|Any CPU
		{FB3970DF-DD64-427A-94ED-C64586EDB8A0}.Release|x86.ActiveCfg = Release|Any CPU
		{FB3970DF-DD64-427A-94ED-C64586EDB8A0}.Release|x86.Build.0 = Release|Any CPU
		{98D17F8D-5430-40F7-A9E7-249F764C7686}.Debug|Any CPU.ActiveCfg = Debug|Any CPU
		{98D17F8D-5430-40F7-A9E7-249F764C7686}.Debug|Any CPU.Build.0 = Debug|Any CPU
		{98D17F8D-5430-40F7-A9E7-249F764C7686}.Debug|x64.ActiveCfg = Debug|Any CPU
		{98D17F8D-5430-40F7-A9E7-249F764C7686}.Debug|x64.Build.0 = Debug|Any CPU
		{98D17F8D-5430-40F7-A9E7-249F764C7686}.Debug|x86.ActiveCfg = Debug|Any CPU
		{98D17F8D-5430-40F7-A9E7-249F764C7686}.Debug|x86.Build.0 = Debug|Any CPU
		{98D17F8D-5430-40F7-A9E7-249F764C7686}.Release|Any CPU.ActiveCfg = Release|Any CPU
		{98D17F8D-5430-40F7-A9E7-249F764C7686}.Release|Any CPU.Build.0 = Release|Any CPU
		{98D17F8D-5430-40F7-A9E7-249F764C7686}.Release|x64.ActiveCfg = Release|Any CPU
		{98D17F8D-5430-40F7-A9E7-249F764C7686}.Release|x64.Build.0 = Release|Any CPU
		{98D17F8D-5430-40F7-A9E7-249F764C7686}.Release|x86.ActiveCfg = Release|Any CPU
		{98D17F8D-5430-40F7-A9E7-249F764C7686}.Release|x86.Build.0 = Release|Any CPU
		{18A0F7C0-879E-4ADB-8E5E-BB8C07BC9568}.Debug|Any CPU.ActiveCfg = Debug|Any CPU
		{18A0F7C0-879E-4ADB-8E5E-BB8C07BC9568}.Debug|Any CPU.Build.0 = Debug|Any CPU
		{18A0F7C0-879E-4ADB-8E5E-BB8C07BC9568}.Debug|x64.ActiveCfg = Debug|Any CPU
		{18A0F7C0-879E-4ADB-8E5E-BB8C07BC9568}.Debug|x64.Build.0 = Debug|Any CPU
		{18A0F7C0-879E-4ADB-8E5E-BB8C07BC9568}.Debug|x86.ActiveCfg = Debug|Any CPU
		{18A0F7C0-879E-4ADB-8E5E-BB8C07BC9568}.Debug|x86.Build.0 = Debug|Any CPU
		{18A0F7C0-879E-4ADB-8E5E-BB8C07BC9568}.Release|Any CPU.ActiveCfg = Release|Any CPU
		{18A0F7C0-879E-4ADB-8E5E-BB8C07BC9568}.Release|Any CPU.Build.0 = Release|Any CPU
		{18A0F7C0-879E-4ADB-8E5E-BB8C07BC9568}.Release|x64.ActiveCfg = Release|Any CPU
		{18A0F7C0-879E-4ADB-8E5E-BB8C07BC9568}.Release|x64.Build.0 = Release|Any CPU
		{18A0F7C0-879E-4ADB-8E5E-BB8C07BC9568}.Release|x86.ActiveCfg = Release|Any CPU
		{18A0F7C0-879E-4ADB-8E5E-BB8C07BC9568}.Release|x86.Build.0 = Release|Any CPU
	EndGlobalSection
	GlobalSection(SolutionProperties) = preSolution
		HideSolutionNode = FALSE
	EndGlobalSection
	GlobalSection(NestedProjects) = preSolution
		{2C6659FC-6EC5-45C6-8A02-873EF4332B0B} = {827E0CD3-B72D-47B6-A68D-7590B98EB39B}
		{FB3970DF-DD64-427A-94ED-C64586EDB8A0} = {827E0CD3-B72D-47B6-A68D-7590B98EB39B}
		{98D17F8D-5430-40F7-A9E7-249F764C7686} = {827E0CD3-B72D-47B6-A68D-7590B98EB39B}
		{18A0F7C0-879E-4ADB-8E5E-BB8C07BC9568} = {827E0CD3-B72D-47B6-A68D-7590B98EB39B}
	EndGlobalSection
EndGlobal
